
Microsoft Visual Studio Solution File, Format Version 12.00
# Visual Studio Version 16
VisualStudioVersion = 16.0.29721.120
MinimumVisualStudioVersion = 10.0.40219.1
Project("{9A19103F-16F7-4668-BE54-9A1E7A4F7556}") = "Rankipedia.CodeTest", "Rankipedia.CodeTest\Rankipedia.CodeTest.csproj", "{FF4A1409-CE6F-4E48-8998-6BEE2E33544E}"
EndProject
Project("{FAE04EC0-301F-11D3-BF4B-00C04F79EFBC}") = "Rankipedia.Test", "Rankipedia.Test\Rankipedia.Test.csproj", "{3F99D7A9-8E02-4ED2-84F8-079B6975E217}"
EndProject
Global
	GlobalSection(SolutionConfigurationPlatforms) = preSolution
		Debug|Any CPU = Debug|Any CPU
		Release|Any CPU = Release|Any CPU
	EndGlobalSection
	GlobalSection(ProjectConfigurationPlatforms) = postSolution
		{FF4A1409-CE6F-4E48-8998-6BEE2E33544E}.Debug|Any CPU.ActiveCfg = Debug|Any CPU
		{FF4A1409-CE6F-4E48-8998-6BEE2E33544E}.Debug|Any CPU.Build.0 = Debug|Any CPU
		{FF4A1409-CE6F-4E48-8998-6BEE2E33544E}.Release|Any CPU.ActiveCfg = Release|Any CPU
		{FF4A1409-CE6F-4E48-8998-6BEE2E33544E}.Release|Any CPU.Build.0 = Release|Any CPU
		{3F99D7A9-8E02-4ED2-84F8-079B6975E217}.Debug|Any CPU.ActiveCfg = Debug|Any CPU
		{3F99D7A9-8E02-4ED2-84F8-079B6975E217}.Debug|Any CPU.Build.0 = Debug|Any CPU
		{3F99D7A9-8E02-4ED2-84F8-079B6975E217}.Release|Any CPU.ActiveCfg = Release|Any CPU
		{3F99D7A9-8E02-4ED2-84F8-079B6975E217}.Release|Any CPU.Build.0 = Release|Any CPU
	EndGlobalSection
	GlobalSection(SolutionProperties) = preSolution
		HideSolutionNode = FALSE
	EndGlobalSection
	GlobalSection(ExtensibilityGlobals) = postSolution
		SolutionGuid = {1AAAAE53-D557-4EA1-B240-3A99363DA7F8}
	EndGlobalSection
EndGlobal
